
Microsoft Visual Studio Solution File, Format Version 12.00
# Visual Studio 15
VisualStudioVersion = 15.0.26124.0
MinimumVisualStudioVersion = 15.0.26124.0
Project("{FAE04EC0-301F-11D3-BF4B-00C04F79EFBC}") = "CodeVsZombie", "Source\CodeVsZombie.csproj", "{EEFA7DA7-EF9C-4294-874F-11CCCA9226C7}"
EndProject
Project("{FAE04EC0-301F-11D3-BF4B-00C04F79EFBC}") = "CodeVsZombie.Tests", "Test\CodeVsZombie.Tests.csproj", "{38D33655-82B8-407D-AFE0-D2B37B6C02DF}"
EndProject
Global
	GlobalSection(SolutionConfigurationPlatforms) = preSolution
		Debug|Any CPU = Debug|Any CPU
		Debug|x64 = Debug|x64
		Debug|x86 = Debug|x86
		Release|Any CPU = Release|Any CPU
		Release|x64 = Release|x64
		Release|x86 = Release|x86
	EndGlobalSection
	GlobalSection(SolutionProperties) = preSolution
		HideSolutionNode = FALSE
	EndGlobalSection
	GlobalSection(ProjectConfigurationPlatforms) = postSolution
		{EEFA7DA7-EF9C-4294-874F-11CCCA9226C7}.Debug|Any CPU.ActiveCfg = Debug|Any CPU
		{EEFA7DA7-EF9C-4294-874F-11CCCA9226C7}.Debug|Any CPU.Build.0 = Debug|Any CPU
		{EEFA7DA7-EF9C-4294-874F-11CCCA9226C7}.Debug|x64.ActiveCfg = Debug|Any CPU
		{EEFA7DA7-EF9C-4294-874F-11CCCA9226C7}.Debug|x64.Build.0 = Debug|Any CPU
		{EEFA7DA7-EF9C-4294-874F-11CCCA9226C7}.Debug|x86.ActiveCfg = Debug|Any CPU
		{EEFA7DA7-EF9C-4294-874F-11CCCA9226C7}.Debug|x86.Build.0 = Debug|Any CPU
		{EEFA7DA7-EF9C-4294-874F-11CCCA9226C7}.Release|Any CPU.ActiveCfg = Release|Any CPU
		{EEFA7DA7-EF9C-4294-874F-11CCCA9226C7}.Release|Any CPU.Build.0 = Release|Any CPU
		{EEFA7DA7-EF9C-4294-874F-11CCCA9226C7}.Release|x64.ActiveCfg = Release|Any CPU
		{EEFA7DA7-EF9C-4294-874F-11CCCA9226C7}.Release|x64.Build.0 = Release|Any CPU
		{EEFA7DA7-EF9C-4294-874F-11CCCA9226C7}.Release|x86.ActiveCfg = Release|Any CPU
		{EEFA7DA7-EF9C-4294-874F-11CCCA9226C7}.Release|x86.Build.0 = Release|Any CPU
		{38D33655-82B8-407D-AFE0-D2B37B6C02DF}.Debug|Any CPU.ActiveCfg = Debug|Any CPU
		{38D33655-82B8-407D-AFE0-D2B37B6C02DF}.Debug|Any CPU.Build.0 = Debug|Any CPU
		{38D33655-82B8-407D-AFE0-D2B37B6C02DF}.Debug|x64.ActiveCfg = Debug|Any CPU
		{38D33655-82B8-407D-AFE0-D2B37B6C02DF}.Debug|x64.Build.0 = Debug|Any CPU
		{38D33655-82B8-407D-AFE0-D2B37B6C02DF}.Debug|x86.ActiveCfg = Debug|Any CPU
		{38D33655-82B8-407D-AFE0-D2B37B6C02DF}.Debug|x86.Build.0 = Debug|Any CPU
		{38D33655-82B8-407D-AFE0-D2B37B6C02DF}.Release|Any CPU.ActiveCfg = Release|Any CPU
		{38D33655-82B8-407D-AFE0-D2B37B6C02DF}.Release|Any CPU.Build.0 = Release|Any CPU
		{38D33655-82B8-407D-AFE0-D2B37B6C02DF}.Release|x64.ActiveCfg = Release|Any CPU
		{38D33655-82B8-407D-AFE0-D2B37B6C02DF}.Release|x64.Build.0 = Release|Any CPU
		{38D33655-82B8-407D-AFE0-D2B37B6C02DF}.Release|x86.ActiveCfg = Release|Any CPU
		{38D33655-82B8-407D-AFE0-D2B37B6C02DF}.Release|x86.Build.0 = Release|Any CPU
	EndGlobalSection
EndGlobal
